
Microsoft Visual Studio Solution File, Format Version 12.00
Project("{FAE04EC0-301F-11D3-BF4B-00C04F79EFBC}") = "DragonArchiver.Core", "DragonArchiver.Core\DragonArchiver.Core.csproj", "{78951695-9171-4D7B-ADC9-0E81C21C82AF}"
EndProject
Project("{FAE04EC0-301F-11D3-BF4B-00C04F79EFBC}") = "DragonArchiver.Tests", "DragonArchiver.Tests\DragonArchiver.Tests.csproj", "{7EDDAB4C-922D-40C4-B0DB-4AE36BA25EC0}"
EndProject
Global
	GlobalSection(SolutionConfigurationPlatforms) = preSolution
		Debug|Any CPU = Debug|Any CPU
		Release|Any CPU = Release|Any CPU
	EndGlobalSection
	GlobalSection(ProjectConfigurationPlatforms) = postSolution
		{78951695-9171-4D7B-ADC9-0E81C21C82AF}.Debug|Any CPU.ActiveCfg = Debug|Any CPU
		{78951695-9171-4D7B-ADC9-0E81C21C82AF}.Debug|Any CPU.Build.0 = Debug|Any CPU
		{78951695-9171-4D7B-ADC9-0E81C21C82AF}.Release|Any CPU.ActiveCfg = Release|Any CPU
		{78951695-9171-4D7B-ADC9-0E81C21C82AF}.Release|Any CPU.Build.0 = Release|Any CPU
		{7EDDAB4C-922D-40C4-B0DB-4AE36BA25EC0}.Debug|Any CPU.ActiveCfg = Debug|Any CPU
		{7EDDAB4C-922D-40C4-B0DB-4AE36BA25EC0}.Debug|Any CPU.Build.0 = Debug|Any CPU
		{7EDDAB4C-922D-40C4-B0DB-4AE36BA25EC0}.Release|Any CPU.ActiveCfg = Release|Any CPU
		{7EDDAB4C-922D-40C4-B0DB-4AE36BA25EC0}.Release|Any CPU.Build.0 = Release|Any CPU
	EndGlobalSection
EndGlobal
